
Microsoft Visual Studio Solution File, Format Version 12.00
# Visual Studio Version 17
VisualStudioVersion = 17.11.35327.3
MinimumVisualStudioVersion = 10.0.40219.1
Project("{FAE04EC0-301F-11D3-BF4B-00C04F79EFBC}") = "BuditelPhonebook", "BuditelPhonebook\BuditelPhonebook.csproj", "{95991C66-35EF-4121-AD69-841EE65DFBDB}"
EndProject
Global
	GlobalSection(SolutionConfigurationPlatforms) = preSolution
		Debug|Any CPU = Debug|Any CPU
		Release|Any CPU = Release|Any CPU
	EndGlobalSection
	GlobalSection(ProjectConfigurationPlatforms) = postSolution
		{95991C66-35EF-4121-AD69-841EE65DFBDB}.Debug|Any CPU.ActiveCfg = Debug|Any CPU
		{95991C66-35EF-4121-AD69-841EE65DFBDB}.Debug|Any CPU.Build.0 = Debug|Any CPU
		{95991C66-35EF-4121-AD69-841EE65DFBDB}.Release|Any CPU.ActiveCfg = Release|Any CPU
		{95991C66-35EF-4121-AD69-841EE65DFBDB}.Release|Any CPU.Build.0 = Release|Any CPU
	EndGlobalSection
	GlobalSection(SolutionProperties) = preSolution
		HideSolutionNode = FALSE
	EndGlobalSection
	GlobalSection(ExtensibilityGlobals) = postSolution
		SolutionGuid = {481EEFB1-417B-407B-9AC8-03FF44E8E4C2}
	EndGlobalSection
EndGlobal
